
Microsoft Visual Studio Solution File, Format Version 12.00
# Visual Studio Version 17
VisualStudioVersion = 17.7.34003.232
MinimumVisualStudioVersion = 10.0.40219.1
Project("{FAE04EC0-301F-11D3-BF4B-00C04F79EFBC}") = "WebApplication1", "WebApplication1.csproj", "{8FCDC0F5-CBD1-43EB-AC7A-C9DA6F305904}"
EndProject
Global
	GlobalSection(SolutionConfigurationPlatforms) = preSolution
		Debug|Any CPU = Debug|Any CPU
		Release|Any CPU = Release|Any CPU
	EndGlobalSection
	GlobalSection(ProjectConfigurationPlatforms) = postSolution
		{8FCDC0F5-CBD1-43EB-AC7A-C9DA6F305904}.Debug|Any CPU.ActiveCfg = Debug|Any CPU
		{8FCDC0F5-CBD1-43EB-AC7A-C9DA6F305904}.Debug|Any CPU.Build.0 = Debug|Any CPU
		{8FCDC0F5-CBD1-43EB-AC7A-C9DA6F305904}.Release|Any CPU.ActiveCfg = Release|Any CPU
		{8FCDC0F5-CBD1-43EB-AC7A-C9DA6F305904}.Release|Any CPU.Build.0 = Release|Any CPU
	EndGlobalSection
	GlobalSection(SolutionProperties) = preSolution
		HideSolutionNode = FALSE
	EndGlobalSection
	GlobalSection(ExtensibilityGlobals) = postSolution
		SolutionGuid = {E8D86311-48FA-45F5-99E7-1E823D8FFF3E}
	EndGlobalSection
EndGlobal
